
Microsoft Visual Studio Solution File, Format Version 12.00
# Visual Studio 15
VisualStudioVersion = 15.0.27703.2035
MinimumVisualStudioVersion = 10.0.40219.1
Project("{FAE04EC0-301F-11D3-BF4B-00C04F79EFBC}") = "DotNetUsingHttpWebRequest", "DotNetUsingHttpWebRequest\DotNetUsingHttpWebRequest.csproj", "{CBFE721E-5666-43B5-95A7-1F493DA2CCF7}"
EndProject
Global
	GlobalSection(SolutionConfigurationPlatforms) = preSolution
		Debug|Any CPU = Debug|Any CPU
		Release|Any CPU = Release|Any CPU
	EndGlobalSection
	GlobalSection(ProjectConfigurationPlatforms) = postSolution
		{CBFE721E-5666-43B5-95A7-1F493DA2CCF7}.Debug|Any CPU.ActiveCfg = Debug|Any CPU
		{CBFE721E-5666-43B5-95A7-1F493DA2CCF7}.Debug|Any CPU.Build.0 = Debug|Any CPU
		{CBFE721E-5666-43B5-95A7-1F493DA2CCF7}.Release|Any CPU.ActiveCfg = Release|Any CPU
		{CBFE721E-5666-43B5-95A7-1F493DA2CCF7}.Release|Any CPU.Build.0 = Release|Any CPU
	EndGlobalSection
	GlobalSection(SolutionProperties) = preSolution
		HideSolutionNode = FALSE
	EndGlobalSection
	GlobalSection(ExtensibilityGlobals) = postSolution
		SolutionGuid = {FFA23269-E889-4AAE-90B2-9136536DEC67}
	EndGlobalSection
EndGlobal
